
Microsoft Visual Studio Solution File, Format Version 12.00
# Visual Studio Version 17
VisualStudioVersion = 17.7.34031.279
MinimumVisualStudioVersion = 10.0.40219.1
Project("{FAE04EC0-301F-11D3-BF4B-00C04F79EFBC}") = "Program", "Program\Program.csproj", "{58268A37-1C31-44A3-821A-114A8FC93A2E}"
EndProject
Global
	GlobalSection(SolutionConfigurationPlatforms) = preSolution
		Debug|Any CPU = Debug|Any CPU
		Release|Any CPU = Release|Any CPU
	EndGlobalSection
	GlobalSection(ProjectConfigurationPlatforms) = postSolution
		{58268A37-1C31-44A3-821A-114A8FC93A2E}.Debug|Any CPU.ActiveCfg = Debug|Any CPU
		{58268A37-1C31-44A3-821A-114A8FC93A2E}.Debug|Any CPU.Build.0 = Debug|Any CPU
		{58268A37-1C31-44A3-821A-114A8FC93A2E}.Release|Any CPU.ActiveCfg = Release|Any CPU
		{58268A37-1C31-44A3-821A-114A8FC93A2E}.Release|Any CPU.Build.0 = Release|Any CPU
	EndGlobalSection
	GlobalSection(SolutionProperties) = preSolution
		HideSolutionNode = FALSE
	EndGlobalSection
	GlobalSection(ExtensibilityGlobals) = postSolution
		SolutionGuid = {A6439429-4300-42AF-81F9-17FF4B7A9DFD}
	EndGlobalSection
EndGlobal
